// !$*UTF8*$!
{
	archiveVersion = 1;
	classes = {
	};
	objectVersion = 46;
	objects = {

/* Begin PBXFileReference section */
		C33E07981E50C80300E8E0DF /* DDPrefsHeaderCell.h */ = {isa = PBXFileReference; lastKnownFileType = sourcecode.c.h; path = DDPrefsHeaderCell.h; sourceTree = "<group>"; };
		C33E07991E50C80300E8E0DF /* DDPrefsHeaderCell.m */ = {isa = PBXFileReference; lastKnownFileType = sourcecode.c.objc; path = DDPrefsHeaderCell.m; sourceTree = "<group>"; };
		C33E079A1E50C80300E8E0DF /* DDRootListController.h */ = {isa = PBXFileReference; lastKnownFileType = sourcecode.c.h; path = DDRootListController.h; sourceTree = "<group>"; };
		C33E079B1E50C80300E8E0DF /* DDRootListController.m */ = {isa = PBXFileReference; lastKnownFileType = sourcecode.c.objc; path = DDRootListController.m; sourceTree = "<group>"; };
		C33E079C1E50C80300E8E0DF /* entry.plist */ = {isa = PBXFileReference; lastKnownFileType = text.plist.xml; path = entry.plist; sourceTree = "<group>"; };
		C33E079D1E50C80300E8E0DF /* Makefile */ = {isa = PBXFileReference; lastKnownFileType = sourcecode.make; path = Makefile; sourceTree = "<group>"; };
		C33E079E1E50C80300E8E0DF /* Resources */ = {isa = PBXFileReference; lastKnownFileType = folder; path = Resources; sourceTree = "<group>"; };
/* End PBXFileReference section */

/* Begin PBXGroup section */
		C33E07921E50C80300E8E0DF = {
			isa = PBXGroup;
			children = (
				C33E07981E50C80300E8E0DF /* DDPrefsHeaderCell.h */,
				C33E07991E50C80300E8E0DF /* DDPrefsHeaderCell.m */,
				C33E079A1E50C80300E8E0DF /* DDRootListController.h */,
				C33E079B1E50C80300E8E0DF /* DDRootListController.m */,
				C33E079C1E50C80300E8E0DF /* entry.plist */,
				C33E079D1E50C80300E8E0DF /* Makefile */,
				C33E079E1E50C80300E8E0DF /* Resources */,
			);
			sourceTree = "<group>";
		};
/* End PBXGroup section */

/* Begin PBXLegacyTarget section */
		C33E07971E50C80300E8E0DF /* preferences */ = {
			isa = PBXLegacyTarget;
			buildArgumentsString = "$(ACTION)";
			buildConfigurationList = C33E079F1E50C80300E8E0DF /* Build configuration list for PBXLegacyTarget "preferences" */;
			buildPhases = (
			);
			buildToolPath = /usr/bin/make;
			buildWorkingDirectory = /Users/aydenp/JBTweaks/TranslucentMessages/preferences;
			dependencies = (
			);
			name = preferences;
			passBuildSettingsInEnvironment = 1;
			productName = preferences;
		};
/* End PBXLegacyTarget section */

/* Begin PBXProject section */
		C33E07931E50C80300E8E0DF /* Project object */ = {
			isa = PBXProject;
			attributes = {
			};
			buildConfigurationList = C33E07961E50C80300E8E0DF /* Build configuration list for PBXProject "preferences" */;
			compatibilityVersion = "Xcode 3.2";
			developmentRegion = English;
			hasScannedForEncodings = 0;
			knownRegions = (
				en,
			);
			mainGroup = C33E07921E50C80300E8E0DF;
			projectDirPath = "";
			projectRoot = "";
			targets = (
				C33E07971E50C80300E8E0DF /* preferences */,
			);
		};
/* End PBXProject section */

/* Begin XCBuildConfiguration section */
		C33E07941E50C80300E8E0DF /* Debug */ = {
			isa = XCBuildConfiguration;
			buildSettings = {
				ARCHS = "$(ARCHS_STANDARD_32_BIT)";
				COPY_PHASE_STRIP = NO;
				GCC_WARN_ABOUT_RETURN_TYPE = YES;
				GCC_WARN_UNUSED_VARIABLE = YES;
				ONLY_ACTIVE_ARCH = YES;
				SDKROOT = macosx10.6;
			};
			name = Debug;
		};
		C33E07951E50C80300E8E0DF /* Release */ = {
			isa = XCBuildConfiguration;
			buildSettings = {
				ARCHS = "$(ARCHS_STANDARD_32_BIT)";
				COPY_PHASE_STRIP = YES;
				GCC_WARN_ABOUT_RETURN_TYPE = YES;
				GCC_WARN_UNUSED_VARIABLE = YES;
				SDKROOT = macosx10.6;
			};
			name = Release;
		};
		C33E07A01E50C80300E8E0DF /* Debug */ = {
			isa = XCBuildConfiguration;
			buildSettings = {
				COPY_PHASE_STRIP = NO;
				DEBUGGING_SYMBOLS = YES;
				GCC_DYNAMIC_NO_PIC = NO;
				GCC_ENABLE_FIX_AND_CONTINUE = YES;
				GCC_GENERATE_DEBUGGING_SYMBOLS = YES;
				GCC_OPTIMIZATION_LEVEL = 0;
				OTHER_CFLAGS = "";
				OTHER_LDFLAGS = "";
				PRODUCT_NAME = preferences;
			};
			name = Debug;
		};
		C33E07A11E50C80300E8E0DF /* Release */ = {
			isa = XCBuildConfiguration;
			buildSettings = {
				COPY_PHASE_STRIP = YES;
				DEBUG_INFORMATION_FORMAT = "dwarf-with-dsym";
				GCC_ENABLE_FIX_AND_CONTINUE = NO;
				OTHER_CFLAGS = "";
				OTHER_LDFLAGS = "";
				PRODUCT_NAME = preferences;
			};
			name = Release;
		};
/* End XCBuildConfiguration section */

/* Begin XCConfigurationList section */
		C33E07961E50C80300E8E0DF /* Build configuration list for PBXProject "preferences" */ = {
			isa = XCConfigurationList;
			buildConfigurations = (
				C33E07941E50C80300E8E0DF /* Debug */,
				C33E07951E50C80300E8E0DF /* Release */,
			);
			defaultConfigurationIsVisible = 0;
			defaultConfigurationName = Release;
		};
		C33E079F1E50C80300E8E0DF /* Build configuration list for PBXLegacyTarget "preferences" */ = {
			isa = XCConfigurationList;
			buildConfigurations = (
				C33E07A01E50C80300E8E0DF /* Debug */,
				C33E07A11E50C80300E8E0DF /* Release */,
			);
			defaultConfigurationIsVisible = 0;
			defaultConfigurationName = Release;
		};
/* End XCConfigurationList section */
	};
	rootObject = C33E07931E50C80300E8E0DF /* Project object */;
}
